// !$*UTF8*$!
{
	archiveVersion = 1;
	classes = {
	};
	objectVersion = 56;
	objects = {

/* Begin PBXBuildFile section */
		4D315FB02BBB52E900D524EB /* MultiloginApp.swift in Sources */ = {isa = PBXBuildFile; fileRef = 4D315FAF2BBB52E900D524EB /* MultiloginApp.swift */; };
		4D315FB22BBB52E900D524EB /* ContentView.swift in Sources */ = {isa = PBXBuildFile; fileRef = 4D315FB12BBB52E900D524EB /* ContentView.swift */; };
		4D315FB42BBB52EC00D524EB /* Assets.xcassets in Resources */ = {isa = PBXBuildFile; fileRef = 4D315FB32BBB52EC00D524EB /* Assets.xcassets */; };
		4D315FB72BBB52EC00D524EB /* Preview Assets.xcassets in Resources */ = {isa = PBXBuildFile; fileRef = 4D315FB62BBB52EC00D524EB /* Preview Assets.xcassets */; };
		4D315FC42BBB57D900D524EB /* FirebaseAnalytics in Frameworks */ = {isa = PBXBuildFile; productRef = 4D315FC32BBB57D900D524EB /* FirebaseAnalytics */; };
		4D315FC62BBB57D900D524EB /* FirebaseAnalyticsWithoutAdIdSupport in Frameworks */ = {isa = PBXBuildFile; productRef = 4D315FC52BBB57D900D524EB /* FirebaseAnalyticsWithoutAdIdSupport */; };
		4D315FCB2BBB589600D524EB /* GoogleService-Info.plist in Resources */ = {isa = PBXBuildFile; fileRef = 4D315FCA2BBB589600D524EB /* GoogleService-Info.plist */; };
		4D315FCF2BBB58CB00D524EB /* AuthViewModel.swift in Sources */ = {isa = PBXBuildFile; fileRef = 4D315FCE2BBB58CB00D524EB /* AuthViewModel.swift */; };
		4D315FD22BBB58F000D524EB /* GoogleSignIn in Frameworks */ = {isa = PBXBuildFile; productRef = 4D315FD12BBB58F000D524EB /* GoogleSignIn */; };
		4D315FD42BBB58F000D524EB /* GoogleSignInSwift in Frameworks */ = {isa = PBXBuildFile; productRef = 4D315FD32BBB58F000D524EB /* GoogleSignInSwift */; };
		4D315FD72BBB5DF600D524EB /* FirebaseAuth in Frameworks */ = {isa = PBXBuildFile; productRef = 4D315FD62BBB5DF600D524EB /* FirebaseAuth */; };
		4D315FD92BBB5E2200D524EB /* FirebaseAnalytics in Frameworks */ = {isa = PBXBuildFile; productRef = 4D315FD82BBB5E2200D524EB /* FirebaseAnalytics */; };
		4D315FDB2BBB5E2200D524EB /* FirebaseAnalyticsWithoutAdIdSupport in Frameworks */ = {isa = PBXBuildFile; productRef = 4D315FDA2BBB5E2200D524EB /* FirebaseAnalyticsWithoutAdIdSupport */; };
		4D315FDD2BBB63FA00D524EB /* LoginView.swift in Sources */ = {isa = PBXBuildFile; fileRef = 4D315FDC2BBB63FA00D524EB /* LoginView.swift */; };
		4D315FDF2BBB65C000D524EB /* AppDelegate.swift in Sources */ = {isa = PBXBuildFile; fileRef = 4D315FDE2BBB65C000D524EB /* AppDelegate.swift */; };
/* End PBXBuildFile section */

/* Begin PBXFileReference section */
		4D315FAC2BBB52E900D524EB /* Multilogin.app */ = {isa = PBXFileReference; explicitFileType = wrapper.application; includeInIndex = 0; path = Multilogin.app; sourceTree = BUILT_PRODUCTS_DIR; };
		4D315FAF2BBB52E900D524EB /* MultiloginApp.swift */ = {isa = PBXFileReference; lastKnownFileType = sourcecode.swift; path = MultiloginApp.swift; sourceTree = "<group>"; };
		4D315FB12BBB52E900D524EB /* ContentView.swift */ = {isa = PBXFileReference; lastKnownFileType = sourcecode.swift; path = ContentView.swift; sourceTree = "<group>"; };
		4D315FB32BBB52EC00D524EB /* Assets.xcassets */ = {isa = PBXFileReference; lastKnownFileType = folder.assetcatalog; path = Assets.xcassets; sourceTree = "<group>"; };
		4D315FB62BBB52EC00D524EB /* Preview Assets.xcassets */ = {isa = PBXFileReference; lastKnownFileType = folder.assetcatalog; path = "Preview Assets.xcassets"; sourceTree = "<group>"; };
		4D315FCA2BBB589600D524EB /* GoogleService-Info.plist */ = {isa = PBXFileReference; fileEncoding = 4; lastKnownFileType = text.plist.xml; path = "GoogleService-Info.plist"; sourceTree = "<group>"; };
		4D315FCE2BBB58CB00D524EB /* AuthViewModel.swift */ = {isa = PBXFileReference; lastKnownFileType = sourcecode.swift; path = AuthViewModel.swift; sourceTree = "<group>"; };
		4D315FD52BBB5C5B00D524EB /* Info.plist */ = {isa = PBXFileReference; lastKnownFileType = text.plist; path = Info.plist; sourceTree = "<group>"; };
		4D315FDC2BBB63FA00D524EB /* LoginView.swift */ = {isa = PBXFileReference; lastKnownFileType = sourcecode.swift; path = LoginView.swift; sourceTree = "<group>"; };
		4D315FDE2BBB65C000D524EB /* AppDelegate.swift */ = {isa = PBXFileReference; lastKnownFileType = sourcecode.swift; path = AppDelegate.swift; sourceTree = "<group>"; };
/* End PBXFileReference section */

/* Begin PBXFrameworksBuildPhase section */
		4D315FA92BBB52E900D524EB /* Frameworks */ = {
			isa = PBXFrameworksBuildPhase;
			buildActionMask = 2147483647;
			files = (
				4D315FC42BBB57D900D524EB /* FirebaseAnalytics in Frameworks */,
				4D315FD72BBB5DF600D524EB /* FirebaseAuth in Frameworks */,
				4D315FD92BBB5E2200D524EB /* FirebaseAnalytics in Frameworks */,
				4D315FC62BBB57D900D524EB /* FirebaseAnalyticsWithoutAdIdSupport in Frameworks */,
				4D315FDB2BBB5E2200D524EB /* FirebaseAnalyticsWithoutAdIdSupport in Frameworks */,
				4D315FD22BBB58F000D524EB /* GoogleSignIn in Frameworks */,
				4D315FD42BBB58F000D524EB /* GoogleSignInSwift in Frameworks */,
			);
			runOnlyForDeploymentPostprocessing = 0;
		};
/* End PBXFrameworksBuildPhase section */

/* Begin PBXGroup section */
		4D315FA32BBB52E900D524EB = {
			isa = PBXGroup;
			children = (
				4D315FAE2BBB52E900D524EB /* Multilogin */,
				4D315FAD2BBB52E900D524EB /* Products */,
			);
			sourceTree = "<group>";
		};
		4D315FAD2BBB52E900D524EB /* Products */ = {
			isa = PBXGroup;
			children = (
				4D315FAC2BBB52E900D524EB /* Multilogin.app */,
			);
			name = Products;
			sourceTree = "<group>";
		};
		4D315FAE2BBB52E900D524EB /* Multilogin */ = {
			isa = PBXGroup;
			children = (
				4D315FD52BBB5C5B00D524EB /* Info.plist */,
				4D315FCA2BBB589600D524EB /* GoogleService-Info.plist */,
				4D315FC92BBB582800D524EB /* View */,
				4D315FC82BBB581800D524EB /* ViewModel */,
				4D315FAF2BBB52E900D524EB /* MultiloginApp.swift */,
				4D315FDE2BBB65C000D524EB /* AppDelegate.swift */,
				4D315FB32BBB52EC00D524EB /* Assets.xcassets */,
				4D315FB52BBB52EC00D524EB /* Preview Content */,
			);
			path = Multilogin;
			sourceTree = "<group>";
		};
		4D315FB52BBB52EC00D524EB /* Preview Content */ = {
			isa = PBXGroup;
			children = (
				4D315FB62BBB52EC00D524EB /* Preview Assets.xcassets */,
			);
			path = "Preview Content";
			sourceTree = "<group>";
		};
		4D315FC82BBB581800D524EB /* ViewModel */ = {
			isa = PBXGroup;
			children = (
				4D315FCE2BBB58CB00D524EB /* AuthViewModel.swift */,
			);
			path = ViewModel;
			sourceTree = "<group>";
		};
		4D315FC92BBB582800D524EB /* View */ = {
			isa = PBXGroup;
			children = (
				4D315FB12BBB52E900D524EB /* ContentView.swift */,
				4D315FDC2BBB63FA00D524EB /* LoginView.swift */,
			);
			path = View;
			sourceTree = "<group>";
		};
/* End PBXGroup section */

/* Begin PBXNativeTarget section */
		4D315FAB2BBB52E900D524EB /* Multilogin */ = {
			isa = PBXNativeTarget;
			buildConfigurationList = 4D315FBA2BBB52EC00D524EB /* Build configuration list for PBXNativeTarget "Multilogin" */;
			buildPhases = (
				4D315FA82BBB52E900D524EB /* Sources */,
				4D315FA92BBB52E900D524EB /* Frameworks */,
				4D315FAA2BBB52E900D524EB /* Resources */,
			);
			buildRules = (
			);
			dependencies = (
			);
			name = Multilogin;
			packageProductDependencies = (
				4D315FC32BBB57D900D524EB /* FirebaseAnalytics */,
				4D315FC52BBB57D900D524EB /* FirebaseAnalyticsWithoutAdIdSupport */,
				4D315FD12BBB58F000D524EB /* GoogleSignIn */,
				4D315FD32BBB58F000D524EB /* GoogleSignInSwift */,
				4D315FD62BBB5DF600D524EB /* FirebaseAuth */,
				4D315FD82BBB5E2200D524EB /* FirebaseAnalytics */,
				4D315FDA2BBB5E2200D524EB /* FirebaseAnalyticsWithoutAdIdSupport */,
			);
			productName = Multilogin;
			productReference = 4D315FAC2BBB52E900D524EB /* Multilogin.app */;
			productType = "com.apple.product-type.application";
		};
/* End PBXNativeTarget section */

/* Begin PBXProject section */
		4D315FA42BBB52E900D524EB /* Project object */ = {
			isa = PBXProject;
			attributes = {
				BuildIndependentTargetsInParallel = 1;
				LastSwiftUpdateCheck = 1530;
				LastUpgradeCheck = 1530;
				TargetAttributes = {
					4D315FAB2BBB52E900D524EB = {
						CreatedOnToolsVersion = 15.3;
					};
				};
			};
			buildConfigurationList = 4D315FA72BBB52E900D524EB /* Build configuration list for PBXProject "Multilogin" */;
			compatibilityVersion = "Xcode 14.0";
			developmentRegion = en;
			hasScannedForEncodings = 0;
			knownRegions = (
				en,
				Base,
			);
			mainGroup = 4D315FA32BBB52E900D524EB;
			packageReferences = (
				4D315FC22BBB559900D524EB /* XCRemoteSwiftPackageReference "firebase-ios-sdk" */,
				4D315FD02BBB58F000D524EB /* XCRemoteSwiftPackageReference "GoogleSignIn-iOS" */,
			);
			productRefGroup = 4D315FAD2BBB52E900D524EB /* Products */;
			projectDirPath = "";
			projectRoot = "";
			targets = (
				4D315FAB2BBB52E900D524EB /* Multilogin */,
			);
		};
/* End PBXProject section */

/* Begin PBXResourcesBuildPhase section */
		4D315FAA2BBB52E900D524EB /* Resources */ = {
			isa = PBXResourcesBuildPhase;
			buildActionMask = 2147483647;
			files = (
				4D315FB72BBB52EC00D524EB /* Preview Assets.xcassets in Resources */,
				4D315FB42BBB52EC00D524EB /* Assets.xcassets in Resources */,
				4D315FCB2BBB589600D524EB /* GoogleService-Info.plist in Resources */,
			);
			runOnlyForDeploymentPostprocessing = 0;
		};
/* End PBXResourcesBuildPhase section */

/* Begin PBXSourcesBuildPhase section */
		4D315FA82BBB52E900D524EB /* Sources */ = {
			isa = PBXSourcesBuildPhase;
			buildActionMask = 2147483647;
			files = (
				4D315FDF2BBB65C000D524EB /* AppDelegate.swift in Sources */,
				4D315FCF2BBB58CB00D524EB /* AuthViewModel.swift in Sources */,
				4D315FB22BBB52E900D524EB /* ContentView.swift in Sources */,
				4D315FB02BBB52E900D524EB /* MultiloginApp.swift in Sources */,
				4D315FDD2BBB63FA00D524EB /* LoginView.swift in Sources */,
			);
			runOnlyForDeploymentPostprocessing = 0;
		};
/* End PBXSourcesBuildPhase section */

/* Begin XCBuildConfiguration section */
		4D315FB82BBB52EC00D524EB /* Debug */ = {
			isa = XCBuildConfiguration;
			buildSettings = {
				ALWAYS_SEARCH_USER_PATHS = NO;
				ASSETCATALOG_COMPILER_GENERATE_SWIFT_ASSET_SYMBOL_EXTENSIONS = YES;
				CLANG_ANALYZER_NONNULL = YES;
				CLANG_ANALYZER_NUMBER_OBJECT_CONVERSION = YES_AGGRESSIVE;
				CLANG_CXX_LANGUAGE_STANDARD = "gnu++20";
				CLANG_ENABLE_MODULES = YES;
				CLANG_ENABLE_OBJC_ARC = YES;
				CLANG_ENABLE_OBJC_WEAK = YES;
				CLANG_WARN_BLOCK_CAPTURE_AUTORELEASING = YES;
				CLANG_WARN_BOOL_CONVERSION = YES;
				CLANG_WARN_COMMA = YES;
				CLANG_WARN_CONSTANT_CONVERSION = YES;
				CLANG_WARN_DEPRECATED_OBJC_IMPLEMENTATIONS = YES;
				CLANG_WARN_DIRECT_OBJC_ISA_USAGE = YES_ERROR;
				CLANG_WARN_DOCUMENTATION_COMMENTS = YES;
				CLANG_WARN_EMPTY_BODY = YES;
				CLANG_WARN_ENUM_CONVERSION = YES;
				CLANG_WARN_INFINITE_RECURSION = YES;
				CLANG_WARN_INT_CONVERSION = YES;
				CLANG_WARN_NON_LITERAL_NULL_CONVERSION = YES;
				CLANG_WARN_OBJC_IMPLICIT_RETAIN_SELF = YES;
				CLANG_WARN_OBJC_LITERAL_CONVERSION = YES;
				CLANG_WARN_OBJC_ROOT_CLASS = YES_ERROR;
				CLANG_WARN_QUOTED_INCLUDE_IN_FRAMEWORK_HEADER = YES;
				CLANG_WARN_RANGE_LOOP_ANALYSIS = YES;
				CLANG_WARN_STRICT_PROTOTYPES = YES;
				CLANG_WARN_SUSPICIOUS_MOVE = YES;
				CLANG_WARN_UNGUARDED_AVAILABILITY = YES_AGGRESSIVE;
				CLANG_WARN_UNREACHABLE_CODE = YES;
				CLANG_WARN__DUPLICATE_METHOD_MATCH = YES;
				COPY_PHASE_STRIP = NO;
				DEBUG_INFORMATION_FORMAT = dwarf;
				ENABLE_STRICT_OBJC_MSGSEND = YES;
				ENABLE_TESTABILITY = YES;
				ENABLE_USER_SCRIPT_SANDBOXING = YES;
				GCC_C_LANGUAGE_STANDARD = gnu17;
				GCC_DYNAMIC_NO_PIC = NO;
				GCC_NO_COMMON_BLOCKS = YES;
				GCC_OPTIMIZATION_LEVEL = 0;
				GCC_PREPROCESSOR_DEFINITIONS = (
					"DEBUG=1",
					"$(inherited)",
				);
				GCC_WARN_64_TO_32_BIT_CONVERSION = YES;
				GCC_WARN_ABOUT_RETURN_TYPE = YES_ERROR;
				GCC_WARN_UNDECLARED_SELECTOR = YES;
				GCC_WARN_UNINITIALIZED_AUTOS = YES_AGGRESSIVE;
				GCC_WARN_UNUSED_FUNCTION = YES;
				GCC_WARN_UNUSED_VARIABLE = YES;
				IPHONEOS_DEPLOYMENT_TARGET = 17.4;
				LOCALIZATION_PREFERS_STRING_CATALOGS = YES;
				MTL_ENABLE_DEBUG_INFO = INCLUDE_SOURCE;
				MTL_FAST_MATH = YES;
				ONLY_ACTIVE_ARCH = YES;
				SDKROOT = iphoneos;
				SWIFT_ACTIVE_COMPILATION_CONDITIONS = "DEBUG $(inherited)";
				SWIFT_OPTIMIZATION_LEVEL = "-Onone";
			};
			name = Debug;
		};
		4D315FB92BBB52EC00D524EB /* Release */ = {
			isa = XCBuildConfiguration;
			buildSettings = {
				ALWAYS_SEARCH_USER_PATHS = NO;
				ASSETCATALOG_COMPILER_GENERATE_SWIFT_ASSET_SYMBOL_EXTENSIONS = YES;
				CLANG_ANALYZER_NONNULL = YES;
				CLANG_ANALYZER_NUMBER_OBJECT_CONVERSION = YES_AGGRESSIVE;
				CLANG_CXX_LANGUAGE_STANDARD = "gnu++20";
				CLANG_ENABLE_MODULES = YES;
				CLANG_ENABLE_OBJC_ARC = YES;
				CLANG_ENABLE_OBJC_WEAK = YES;
				CLANG_WARN_BLOCK_CAPTURE_AUTORELEASING = YES;
				CLANG_WARN_BOOL_CONVERSION = YES;
				CLANG_WARN_COMMA = YES;
				CLANG_WARN_CONSTANT_CONVERSION = YES;
				CLANG_WARN_DEPRECATED_OBJC_IMPLEMENTATIONS = YES;
				CLANG_WARN_DIRECT_OBJC_ISA_USAGE = YES_ERROR;
				CLANG_WARN_DOCUMENTATION_COMMENTS = YES;
				CLANG_WARN_EMPTY_BODY = YES;
				CLANG_WARN_ENUM_CONVERSION = YES;
				CLANG_WARN_INFINITE_RECURSION = YES;
				CLANG_WARN_INT_CONVERSION = YES;
				CLANG_WARN_NON_LITERAL_NULL_CONVERSION = YES;
				CLANG_WARN_OBJC_IMPLICIT_RETAIN_SELF = YES;
				CLANG_WARN_OBJC_LITERAL_CONVERSION = YES;
				CLANG_WARN_OBJC_ROOT_CLASS = YES_ERROR;
				CLANG_WARN_QUOTED_INCLUDE_IN_FRAMEWORK_HEADER = YES;
				CLANG_WARN_RANGE_LOOP_ANALYSIS = YES;
				CLANG_WARN_STRICT_PROTOTYPES = YES;
				CLANG_WARN_SUSPICIOUS_MOVE = YES;
				CLANG_WARN_UNGUARDED_AVAILABILITY = YES_AGGRESSIVE;
				CLANG_WARN_UNREACHABLE_CODE = YES;
				CLANG_WARN__DUPLICATE_METHOD_MATCH = YES;
				COPY_PHASE_STRIP = NO;
				DEBUG_INFORMATION_FORMAT = "dwarf-with-dsym";
				ENABLE_NS_ASSERTIONS = NO;
				ENABLE_STRICT_OBJC_MSGSEND = YES;
				ENABLE_USER_SCRIPT_SANDBOXING = YES;
				GCC_C_LANGUAGE_STANDARD = gnu17;
				GCC_NO_COMMON_BLOCKS = YES;
				GCC_WARN_64_TO_32_BIT_CONVERSION = YES;
				GCC_WARN_ABOUT_RETURN_TYPE = YES_ERROR;
				GCC_WARN_UNDECLARED_SELECTOR = YES;
				GCC_WARN_UNINITIALIZED_AUTOS = YES_AGGRESSIVE;
				GCC_WARN_UNUSED_FUNCTION = YES;
				GCC_WARN_UNUSED_VARIABLE = YES;
				IPHONEOS_DEPLOYMENT_TARGET = 17.4;
				LOCALIZATION_PREFERS_STRING_CATALOGS = YES;
				MTL_ENABLE_DEBUG_INFO = NO;
				MTL_FAST_MATH = YES;
				SDKROOT = iphoneos;
				SWIFT_COMPILATION_MODE = wholemodule;
				VALIDATE_PRODUCT = YES;
			};
			name = Release;
		};
		4D315FBB2BBB52EC00D524EB /* Debug */ = {
			isa = XCBuildConfiguration;
			buildSettings = {
				ASSETCATALOG_COMPILER_APPICON_NAME = AppIcon;
				ASSETCATALOG_COMPILER_GLOBAL_ACCENT_COLOR_NAME = AccentColor;
				CODE_SIGN_STYLE = Automatic;
				CURRENT_PROJECT_VERSION = 1;
				DEVELOPMENT_ASSET_PATHS = "\"Multilogin/Preview Content\"";
				DEVELOPMENT_TEAM = 34BTJ5583U;
				ENABLE_PREVIEWS = YES;
				GENERATE_INFOPLIST_FILE = YES;
				INFOPLIST_FILE = Multilogin/Info.plist;
				INFOPLIST_KEY_UIApplicationSceneManifest_Generation = YES;
				INFOPLIST_KEY_UIApplicationSupportsIndirectInputEvents = YES;
				INFOPLIST_KEY_UILaunchScreen_Generation = YES;
				INFOPLIST_KEY_UISupportedInterfaceOrientations_iPad = "UIInterfaceOrientationPortrait UIInterfaceOrientationPortraitUpsideDown UIInterfaceOrientationLandscapeLeft UIInterfaceOrientationLandscapeRight";
				INFOPLIST_KEY_UISupportedInterfaceOrientations_iPhone = "UIInterfaceOrientationPortrait UIInterfaceOrientationLandscapeLeft UIInterfaceOrientationLandscapeRight";
				LD_RUNPATH_SEARCH_PATHS = (
					"$(inherited)",
					"@executable_path/Frameworks",
				);
				MARKETING_VERSION = 1.0;
				PRODUCT_BUNDLE_IDENTIFIER = mg.Multilogin;
				PRODUCT_NAME = "$(TARGET_NAME)";
				SWIFT_EMIT_LOC_STRINGS = YES;
				SWIFT_VERSION = 5.0;
				TARGETED_DEVICE_FAMILY = "1,2";
			};
			name = Debug;
		};
		4D315FBC2BBB52EC00D524EB /* Release */ = {
			isa = XCBuildConfiguration;
			buildSettings = {
				ASSETCATALOG_COMPILER_APPICON_NAME = AppIcon;
				ASSETCATALOG_COMPILER_GLOBAL_ACCENT_COLOR_NAME = AccentColor;
				CODE_SIGN_STYLE = Automatic;
				CURRENT_PROJECT_VERSION = 1;
				DEVELOPMENT_ASSET_PATHS = "\"Multilogin/Preview Content\"";
				DEVELOPMENT_TEAM = 34BTJ5583U;
				ENABLE_PREVIEWS = YES;
				GENERATE_INFOPLIST_FILE = YES;
				INFOPLIST_FILE = Multilogin/Info.plist;
				INFOPLIST_KEY_UIApplicationSceneManifest_Generation = YES;
				INFOPLIST_KEY_UIApplicationSupportsIndirectInputEvents = YES;
				INFOPLIST_KEY_UILaunchScreen_Generation = YES;
				INFOPLIST_KEY_UISupportedInterfaceOrientations_iPad = "UIInterfaceOrientationPortrait UIInterfaceOrientationPortraitUpsideDown UIInterfaceOrientationLandscapeLeft UIInterfaceOrientationLandscapeRight";
				INFOPLIST_KEY_UISupportedInterfaceOrientations_iPhone = "UIInterfaceOrientationPortrait UIInterfaceOrientationLandscapeLeft UIInterfaceOrientationLandscapeRight";
				LD_RUNPATH_SEARCH_PATHS = (
					"$(inherited)",
					"@executable_path/Frameworks",
				);
				MARKETING_VERSION = 1.0;
				PRODUCT_BUNDLE_IDENTIFIER = mg.Multilogin;
				PRODUCT_NAME = "$(TARGET_NAME)";
				SWIFT_EMIT_LOC_STRINGS = YES;
				SWIFT_VERSION = 5.0;
				TARGETED_DEVICE_FAMILY = "1,2";
			};
			name = Release;
		};
/* End XCBuildConfiguration section */

/* Begin XCConfigurationList section */
		4D315FA72BBB52E900D524EB /* Build configuration list for PBXProject "Multilogin" */ = {
			isa = XCConfigurationList;
			buildConfigurations = (
				4D315FB82BBB52EC00D524EB /* Debug */,
				4D315FB92BBB52EC00D524EB /* Release */,
			);
			defaultConfigurationIsVisible = 0;
			defaultConfigurationName = Release;
		};
		4D315FBA2BBB52EC00D524EB /* Build configuration list for PBXNativeTarget "Multilogin" */ = {
			isa = XCConfigurationList;
			buildConfigurations = (
				4D315FBB2BBB52EC00D524EB /* Debug */,
				4D315FBC2BBB52EC00D524EB /* Release */,
			);
			defaultConfigurationIsVisible = 0;
			defaultConfigurationName = Release;
		};
/* End XCConfigurationList section */

/* Begin XCRemoteSwiftPackageReference section */
		4D315FC22BBB559900D524EB /* XCRemoteSwiftPackageReference "firebase-ios-sdk" */ = {
			isa = XCRemoteSwiftPackageReference;
			repositoryURL = "https://github.com/firebase/firebase-ios-sdk";
			requirement = {
				kind = upToNextMajorVersion;
				minimumVersion = 10.23.1;
			};
		};
		4D315FD02BBB58F000D524EB /* XCRemoteSwiftPackageReference "GoogleSignIn-iOS" */ = {
			isa = XCRemoteSwiftPackageReference;
			repositoryURL = "https://github.com/google/GoogleSignIn-iOS";
			requirement = {
				kind = upToNextMajorVersion;
				minimumVersion = 7.1.0;
			};
		};
/* End XCRemoteSwiftPackageReference section */

/* Begin XCSwiftPackageProductDependency section */
		4D315FC32BBB57D900D524EB /* FirebaseAnalytics */ = {
			isa = XCSwiftPackageProductDependency;
			productName = FirebaseAnalytics;
		};
		4D315FC52BBB57D900D524EB /* FirebaseAnalyticsWithoutAdIdSupport */ = {
			isa = XCSwiftPackageProductDependency;
			productName = FirebaseAnalyticsWithoutAdIdSupport;
		};
		4D315FD12BBB58F000D524EB /* GoogleSignIn */ = {
			isa = XCSwiftPackageProductDependency;
			package = 4D315FD02BBB58F000D524EB /* XCRemoteSwiftPackageReference "GoogleSignIn-iOS" */;
			productName = GoogleSignIn;
		};
		4D315FD32BBB58F000D524EB /* GoogleSignInSwift */ = {
			isa = XCSwiftPackageProductDependency;
			package = 4D315FD02BBB58F000D524EB /* XCRemoteSwiftPackageReference "GoogleSignIn-iOS" */;
			productName = GoogleSignInSwift;
		};
		4D315FD62BBB5DF600D524EB /* FirebaseAuth */ = {
			isa = XCSwiftPackageProductDependency;
			package = 4D315FC22BBB559900D524EB /* XCRemoteSwiftPackageReference "firebase-ios-sdk" */;
			productName = FirebaseAuth;
		};
		4D315FD82BBB5E2200D524EB /* FirebaseAnalytics */ = {
			isa = XCSwiftPackageProductDependency;
			productName = FirebaseAnalytics;
		};
		4D315FDA2BBB5E2200D524EB /* FirebaseAnalyticsWithoutAdIdSupport */ = {
			isa = XCSwiftPackageProductDependency;
			productName = FirebaseAnalyticsWithoutAdIdSupport;
		};
/* End XCSwiftPackageProductDependency section */
	};
	rootObject = 4D315FA42BBB52E900D524EB /* Project object */;
}
